
Microsoft Visual Studio Solution File, Format Version 12.00
# Visual Studio Version 16
VisualStudioVersion = 16.0.31321.278
MinimumVisualStudioVersion = 10.0.40219.1
Project("{FAE04EC0-301F-11D3-BF4B-00C04F79EFBC}") = "PokerHands.Test", "PokerHands.Test\PokerHands.Test.csproj", "{DE51B2CF-5927-4CFA-9977-2B4A9E8BE080}"
EndProject
Project("{9A19103F-16F7-4668-BE54-9A1E7A4F7556}") = "PokerHands", "PokerHands\PokerHands.csproj", "{E1D3FA3B-0B7E-4350-8C64-D9C5E029103D}"
EndProject
Project("{2150E333-8FDC-42A3-9474-1A3956D46DE8}") = "Solution Items", "Solution Items", "{11AA73D5-CA59-4295-860B-013B6287D8CC}"
	ProjectSection(SolutionItems) = preProject
		.gitignore = .gitignore
	EndProjectSection
EndProject
Global
	GlobalSection(SolutionConfigurationPlatforms) = preSolution
		Debug|Any CPU = Debug|Any CPU
		Release|Any CPU = Release|Any CPU
	EndGlobalSection
	GlobalSection(ProjectConfigurationPlatforms) = postSolution
		{DE51B2CF-5927-4CFA-9977-2B4A9E8BE080}.Debug|Any CPU.ActiveCfg = Debug|Any CPU
		{DE51B2CF-5927-4CFA-9977-2B4A9E8BE080}.Debug|Any CPU.Build.0 = Debug|Any CPU
		{DE51B2CF-5927-4CFA-9977-2B4A9E8BE080}.Release|Any CPU.ActiveCfg = Release|Any CPU
		{DE51B2CF-5927-4CFA-9977-2B4A9E8BE080}.Release|Any CPU.Build.0 = Release|Any CPU
		{E1D3FA3B-0B7E-4350-8C64-D9C5E029103D}.Debug|Any CPU.ActiveCfg = Debug|Any CPU
		{E1D3FA3B-0B7E-4350-8C64-D9C5E029103D}.Debug|Any CPU.Build.0 = Debug|Any CPU
		{E1D3FA3B-0B7E-4350-8C64-D9C5E029103D}.Release|Any CPU.ActiveCfg = Release|Any CPU
		{E1D3FA3B-0B7E-4350-8C64-D9C5E029103D}.Release|Any CPU.Build.0 = Release|Any CPU
	EndGlobalSection
	GlobalSection(SolutionProperties) = preSolution
		HideSolutionNode = FALSE
	EndGlobalSection
	GlobalSection(ExtensibilityGlobals) = postSolution
		SolutionGuid = {D30476CE-F46B-4BE4-905C-9FB7E7CCE8E9}
	EndGlobalSection
EndGlobal
